
Microsoft Visual Studio Solution File, Format Version 12.00
# Visual Studio Version 17
VisualStudioVersion = 17.2.32526.322
MinimumVisualStudioVersion = 10.0.40219.1
Project("{9A19103F-16F7-4668-BE54-9A1E7A4F7556}") = "AspReactSampleWork", "AspReactSampleWork.csproj", "{E15F81CD-B92D-4D3A-9CB2-AEB449B2E4C1}"
EndProject
Global
	GlobalSection(SolutionConfigurationPlatforms) = preSolution
		Debug|Any CPU = Debug|Any CPU
		Release|Any CPU = Release|Any CPU
	EndGlobalSection
	GlobalSection(ProjectConfigurationPlatforms) = postSolution
		{E15F81CD-B92D-4D3A-9CB2-AEB449B2E4C1}.Debug|Any CPU.ActiveCfg = Debug|Any CPU
		{E15F81CD-B92D-4D3A-9CB2-AEB449B2E4C1}.Debug|Any CPU.Build.0 = Debug|Any CPU
		{E15F81CD-B92D-4D3A-9CB2-AEB449B2E4C1}.Release|Any CPU.ActiveCfg = Release|Any CPU
		{E15F81CD-B92D-4D3A-9CB2-AEB449B2E4C1}.Release|Any CPU.Build.0 = Release|Any CPU
	EndGlobalSection
	GlobalSection(SolutionProperties) = preSolution
		HideSolutionNode = FALSE
	EndGlobalSection
	GlobalSection(ExtensibilityGlobals) = postSolution
		SolutionGuid = {9DFA3B8F-3436-4AA0-9466-C58B69B9ED0B}
	EndGlobalSection
EndGlobal
